
Microsoft Visual Studio Solution File, Format Version 12.00
# Visual Studio Version 16
VisualStudioVersion = 16.0.31112.23
MinimumVisualStudioVersion = 10.0.40219.1
Project("{FAE04EC0-301F-11D3-BF4B-00C04F79EFBC}") = "WPFBindings", "WPFBindings\WPFBindings.csproj", "{AB300798-6B10-4BBD-8645-1A6894A80475}"
EndProject
Global
	GlobalSection(SolutionConfigurationPlatforms) = preSolution
		Debug|Any CPU = Debug|Any CPU
		Release|Any CPU = Release|Any CPU
	EndGlobalSection
	GlobalSection(ProjectConfigurationPlatforms) = postSolution
		{AB300798-6B10-4BBD-8645-1A6894A80475}.Debug|Any CPU.ActiveCfg = Debug|Any CPU
		{AB300798-6B10-4BBD-8645-1A6894A80475}.Debug|Any CPU.Build.0 = Debug|Any CPU
		{AB300798-6B10-4BBD-8645-1A6894A80475}.Release|Any CPU.ActiveCfg = Release|Any CPU
		{AB300798-6B10-4BBD-8645-1A6894A80475}.Release|Any CPU.Build.0 = Release|Any CPU
	EndGlobalSection
	GlobalSection(SolutionProperties) = preSolution
		HideSolutionNode = FALSE
	EndGlobalSection
	GlobalSection(ExtensibilityGlobals) = postSolution
		SolutionGuid = {0AC60BF4-907A-470E-A775-B5498B31A590}
	EndGlobalSection
EndGlobal
